
Microsoft Visual Studio Solution File, Format Version 12.00
# Visual Studio 14
VisualStudioVersion = 14.0.24720.0
MinimumVisualStudioVersion = 10.0.40219.1
Project("{FAE04EC0-301F-11D3-BF4B-00C04F79EFBC}") = "FuneralInsurance", "FuneralInsurance\FuneralInsurance.csproj", "{C6F188C8-A218-41E4-800E-FC827BBE10BD}"
EndProject
Project("{FAE04EC0-301F-11D3-BF4B-00C04F79EFBC}") = "FuneralInsurance.Tests", "FuneralInsurance.Tests\FuneralInsurance.Tests.csproj", "{CD4FCE44-334C-423C-A475-5270E37E01EB}"
EndProject
Project("{FAE04EC0-301F-11D3-BF4B-00C04F79EFBC}") = "FuneralService", "FuneralService\FuneralService.csproj", "{FA7DF636-153D-48DF-BA53-7E7B6C075DE7}"
EndProject
Project("{8BB2217D-0F2D-49D1-97BC-3654ED321F3B}") = "ASP.NET5", "ASP.NET5\ASP.NET5.xproj", "{5EABBF8E-95B9-411B-B1F5-54DA20230691}"
EndProject
Global
	GlobalSection(SolutionConfigurationPlatforms) = preSolution
		Debug|Any CPU = Debug|Any CPU
		Release|Any CPU = Release|Any CPU
	EndGlobalSection
	GlobalSection(ProjectConfigurationPlatforms) = postSolution
		{C6F188C8-A218-41E4-800E-FC827BBE10BD}.Debug|Any CPU.ActiveCfg = Debug|Any CPU
		{C6F188C8-A218-41E4-800E-FC827BBE10BD}.Debug|Any CPU.Build.0 = Debug|Any CPU
		{C6F188C8-A218-41E4-800E-FC827BBE10BD}.Release|Any CPU.ActiveCfg = Release|Any CPU
		{C6F188C8-A218-41E4-800E-FC827BBE10BD}.Release|Any CPU.Build.0 = Release|Any CPU
		{CD4FCE44-334C-423C-A475-5270E37E01EB}.Debug|Any CPU.ActiveCfg = Debug|Any CPU
		{CD4FCE44-334C-423C-A475-5270E37E01EB}.Debug|Any CPU.Build.0 = Debug|Any CPU
		{CD4FCE44-334C-423C-A475-5270E37E01EB}.Release|Any CPU.ActiveCfg = Release|Any CPU
		{CD4FCE44-334C-423C-A475-5270E37E01EB}.Release|Any CPU.Build.0 = Release|Any CPU
		{FA7DF636-153D-48DF-BA53-7E7B6C075DE7}.Debug|Any CPU.ActiveCfg = Debug|Any CPU
		{FA7DF636-153D-48DF-BA53-7E7B6C075DE7}.Debug|Any CPU.Build.0 = Debug|Any CPU
		{FA7DF636-153D-48DF-BA53-7E7B6C075DE7}.Release|Any CPU.ActiveCfg = Release|Any CPU
		{FA7DF636-153D-48DF-BA53-7E7B6C075DE7}.Release|Any CPU.Build.0 = Release|Any CPU
		{5EABBF8E-95B9-411B-B1F5-54DA20230691}.Debug|Any CPU.ActiveCfg = Debug|Any CPU
		{5EABBF8E-95B9-411B-B1F5-54DA20230691}.Debug|Any CPU.Build.0 = Debug|Any CPU
		{5EABBF8E-95B9-411B-B1F5-54DA20230691}.Release|Any CPU.ActiveCfg = Release|Any CPU
		{5EABBF8E-95B9-411B-B1F5-54DA20230691}.Release|Any CPU.Build.0 = Release|Any CPU
	EndGlobalSection
	GlobalSection(SolutionProperties) = preSolution
		HideSolutionNode = FALSE
	EndGlobalSection
EndGlobal
